
Microsoft Visual Studio Solution File, Format Version 12.00
# Visual Studio 15
VisualStudioVersion = 15.0.27703.2042
MinimumVisualStudioVersion = 10.0.40219.1
Project("{FAE04EC0-301F-11D3-BF4B-00C04F79EFBC}") = "coderush", "coderush\coderush.csproj", "{B0DFD956-A8F2-4045-BB69-38EF481BE475}"
EndProject
Global
	GlobalSection(SolutionConfigurationPlatforms) = preSolution
		Debug|Any CPU = Debug|Any CPU
		Release|Any CPU = Release|Any CPU
	EndGlobalSection
	GlobalSection(ProjectConfigurationPlatforms) = postSolution
		{B0DFD956-A8F2-4045-BB69-38EF481BE475}.Debug|Any CPU.ActiveCfg = Debug|Any CPU
		{B0DFD956-A8F2-4045-BB69-38EF481BE475}.Debug|Any CPU.Build.0 = Debug|Any CPU
		{B0DFD956-A8F2-4045-BB69-38EF481BE475}.Release|Any CPU.ActiveCfg = Release|Any CPU
		{B0DFD956-A8F2-4045-BB69-38EF481BE475}.Release|Any CPU.Build.0 = Release|Any CPU
	EndGlobalSection
	GlobalSection(SolutionProperties) = preSolution
		HideSolutionNode = FALSE
	EndGlobalSection
	GlobalSection(ExtensibilityGlobals) = postSolution
		SolutionGuid = {0F993996-863E-4140-AFA7-6A6E6B09E117}
	EndGlobalSection
EndGlobal
